
Microsoft Visual Studio Solution File, Format Version 12.00
# Visual Studio Version 17
VisualStudioVersion = 17.9.34902.65
MinimumVisualStudioVersion = 10.0.40219.1
Project("{9A19103F-16F7-4668-BE54-9A1E7A4F7556}") = "CubeApp", "CubeApp\CubeApp.csproj", "{C1F96657-9F54-48E0-9658-228E6D02B96C}"
EndProject
Global
	GlobalSection(SolutionConfigurationPlatforms) = preSolution
		Debug|Any CPU = Debug|Any CPU
		Release|Any CPU = Release|Any CPU
	EndGlobalSection
	GlobalSection(ProjectConfigurationPlatforms) = postSolution
		{C1F96657-9F54-48E0-9658-228E6D02B96C}.Debug|Any CPU.ActiveCfg = Debug|Any CPU
		{C1F96657-9F54-48E0-9658-228E6D02B96C}.Debug|Any CPU.Build.0 = Debug|Any CPU
		{C1F96657-9F54-48E0-9658-228E6D02B96C}.Debug|Any CPU.Deploy.0 = Debug|Any CPU
		{C1F96657-9F54-48E0-9658-228E6D02B96C}.Release|Any CPU.ActiveCfg = Release|Any CPU
		{C1F96657-9F54-48E0-9658-228E6D02B96C}.Release|Any CPU.Build.0 = Release|Any CPU
		{C1F96657-9F54-48E0-9658-228E6D02B96C}.Release|Any CPU.Deploy.0 = Release|Any CPU
	EndGlobalSection
	GlobalSection(SolutionProperties) = preSolution
		HideSolutionNode = FALSE
	EndGlobalSection
	GlobalSection(ExtensibilityGlobals) = postSolution
		SolutionGuid = {B71156EE-2E81-4444-8A73-EC486D9B2215}
	EndGlobalSection
EndGlobal
